
Microsoft Visual Studio Solution File, Format Version 12.00
# Visual Studio Version 17
VisualStudioVersion = 17.4.33110.190
MinimumVisualStudioVersion = 10.0.40219.1
Project("{FAE04EC0-301F-11D3-BF4B-00C04F79EFBC}") = "Models", "Models\Models.csproj", "{20B2FD37-7957-47CE-B25B-1D535170EA60}"
EndProject
Project("{FAE04EC0-301F-11D3-BF4B-00C04F79EFBC}") = "RepositoryLayer", "RepositoryLayer\RepositoryLayer.csproj", "{9F7752A9-3423-4A4C-B4F8-536671898717}"
EndProject
Project("{FAE04EC0-301F-11D3-BF4B-00C04F79EFBC}") = "ServiceLayer", "ServiceLayer\ServiceLayer.csproj", "{A4FB8204-E512-410A-9731-D13D205C7D73}"
EndProject
Project("{FAE04EC0-301F-11D3-BF4B-00C04F79EFBC}") = "OnionArchitecture", "OnionArchitecture\OnionArchitecture.csproj", "{84BA375E-8873-43BA-9FC0-BF474EF5EF3A}"
EndProject
Global
	GlobalSection(SolutionConfigurationPlatforms) = preSolution
		Debug|Any CPU = Debug|Any CPU
		Release|Any CPU = Release|Any CPU
	EndGlobalSection
	GlobalSection(ProjectConfigurationPlatforms) = postSolution
		{20B2FD37-7957-47CE-B25B-1D535170EA60}.Debug|Any CPU.ActiveCfg = Debug|Any CPU
		{20B2FD37-7957-47CE-B25B-1D535170EA60}.Debug|Any CPU.Build.0 = Debug|Any CPU
		{20B2FD37-7957-47CE-B25B-1D535170EA60}.Release|Any CPU.ActiveCfg = Release|Any CPU
		{20B2FD37-7957-47CE-B25B-1D535170EA60}.Release|Any CPU.Build.0 = Release|Any CPU
		{9F7752A9-3423-4A4C-B4F8-536671898717}.Debug|Any CPU.ActiveCfg = Debug|Any CPU
		{9F7752A9-3423-4A4C-B4F8-536671898717}.Debug|Any CPU.Build.0 = Debug|Any CPU
		{9F7752A9-3423-4A4C-B4F8-536671898717}.Release|Any CPU.ActiveCfg = Release|Any CPU
		{9F7752A9-3423-4A4C-B4F8-536671898717}.Release|Any CPU.Build.0 = Release|Any CPU
		{A4FB8204-E512-410A-9731-D13D205C7D73}.Debug|Any CPU.ActiveCfg = Debug|Any CPU
		{A4FB8204-E512-410A-9731-D13D205C7D73}.Debug|Any CPU.Build.0 = Debug|Any CPU
		{A4FB8204-E512-410A-9731-D13D205C7D73}.Release|Any CPU.ActiveCfg = Release|Any CPU
		{A4FB8204-E512-410A-9731-D13D205C7D73}.Release|Any CPU.Build.0 = Release|Any CPU
		{84BA375E-8873-43BA-9FC0-BF474EF5EF3A}.Debug|Any CPU.ActiveCfg = Debug|Any CPU
		{84BA375E-8873-43BA-9FC0-BF474EF5EF3A}.Debug|Any CPU.Build.0 = Debug|Any CPU
		{84BA375E-8873-43BA-9FC0-BF474EF5EF3A}.Release|Any CPU.ActiveCfg = Release|Any CPU
		{84BA375E-8873-43BA-9FC0-BF474EF5EF3A}.Release|Any CPU.Build.0 = Release|Any CPU
	EndGlobalSection
	GlobalSection(SolutionProperties) = preSolution
		HideSolutionNode = FALSE
	EndGlobalSection
	GlobalSection(ExtensibilityGlobals) = postSolution
		SolutionGuid = {9D9530AF-3A1A-4E30-B126-9DE0B8FB9238}
	EndGlobalSection
EndGlobal
