
Microsoft Visual Studio Solution File, Format Version 12.00
# Visual Studio Version 17
VisualStudioVersion = 17.4.33110.190
MinimumVisualStudioVersion = 10.0.40219.1
Project("{9A19103F-16F7-4668-BE54-9A1E7A4F7556}") = "Asset_Management", "Asset_Management.csproj", "{B4D2B44D-45CF-44FC-8ADE-DECB1D7C5506}"
EndProject
Project("{FAE04EC0-301F-11D3-BF4B-00C04F79EFBC}") = "AssetManagementUnitTest", "..\AssetManagementUnitTest\AssetManagementUnitTest.csproj", "{F5D4C307-58B7-4CAF-80EC-3BBDEC2AA3B1}"
EndProject
Global
	GlobalSection(SolutionConfigurationPlatforms) = preSolution
		Debug|Any CPU = Debug|Any CPU
		Release|Any CPU = Release|Any CPU
	EndGlobalSection
	GlobalSection(ProjectConfigurationPlatforms) = postSolution
		{B4D2B44D-45CF-44FC-8ADE-DECB1D7C5506}.Debug|Any CPU.ActiveCfg = Debug|Any CPU
		{B4D2B44D-45CF-44FC-8ADE-DECB1D7C5506}.Debug|Any CPU.Build.0 = Debug|Any CPU
		{B4D2B44D-45CF-44FC-8ADE-DECB1D7C5506}.Release|Any CPU.ActiveCfg = Release|Any CPU
		{B4D2B44D-45CF-44FC-8ADE-DECB1D7C5506}.Release|Any CPU.Build.0 = Release|Any CPU
		{F5D4C307-58B7-4CAF-80EC-3BBDEC2AA3B1}.Debug|Any CPU.ActiveCfg = Debug|Any CPU
		{F5D4C307-58B7-4CAF-80EC-3BBDEC2AA3B1}.Debug|Any CPU.Build.0 = Debug|Any CPU
		{F5D4C307-58B7-4CAF-80EC-3BBDEC2AA3B1}.Release|Any CPU.ActiveCfg = Release|Any CPU
		{F5D4C307-58B7-4CAF-80EC-3BBDEC2AA3B1}.Release|Any CPU.Build.0 = Release|Any CPU
	EndGlobalSection
	GlobalSection(SolutionProperties) = preSolution
		HideSolutionNode = FALSE
	EndGlobalSection
	GlobalSection(ExtensibilityGlobals) = postSolution
		SolutionGuid = {0C18331E-6672-431A-8DC5-5B601AEC1C38}
	EndGlobalSection
EndGlobal
